
Microsoft Visual Studio Solution File, Format Version 12.00
# Visual Studio Version 16
VisualStudioVersion = 16.0.30204.135
MinimumVisualStudioVersion = 10.0.40219.1
Project("{FAE04EC0-301F-11D3-BF4B-00C04F79EFBC}") = "AspNetCore.WebAPI.JWT", "AspNetCore.WebAPI.JWT\AspNetCore.WebAPI.JWT.csproj", "{94AFBDFE-8846-4ABA-A344-3B86DB2A5663}"
EndProject
Global
	GlobalSection(SolutionConfigurationPlatforms) = preSolution
		Debug|Any CPU = Debug|Any CPU
		Release|Any CPU = Release|Any CPU
	EndGlobalSection
	GlobalSection(ProjectConfigurationPlatforms) = postSolution
		{94AFBDFE-8846-4ABA-A344-3B86DB2A5663}.Debug|Any CPU.ActiveCfg = Debug|Any CPU
		{94AFBDFE-8846-4ABA-A344-3B86DB2A5663}.Debug|Any CPU.Build.0 = Debug|Any CPU
		{94AFBDFE-8846-4ABA-A344-3B86DB2A5663}.Release|Any CPU.ActiveCfg = Release|Any CPU
		{94AFBDFE-8846-4ABA-A344-3B86DB2A5663}.Release|Any CPU.Build.0 = Release|Any CPU
	EndGlobalSection
	GlobalSection(SolutionProperties) = preSolution
		HideSolutionNode = FALSE
	EndGlobalSection
	GlobalSection(ExtensibilityGlobals) = postSolution
		SolutionGuid = {72FB64E5-3F15-4752-8ACC-FC3F2E4E319E}
	EndGlobalSection
EndGlobal
